
Microsoft Visual Studio Solution File, Format Version 12.00
# Visual Studio Version 16
VisualStudioVersion = 16.0.30114.105
MinimumVisualStudioVersion = 10.0.40219.1
Project("{FAE04EC0-301F-11D3-BF4B-00C04F79EFBC}") = "gradebook", "gradebook.csproj", "{FD7D1E62-AF3A-4020-B22B-2522671F3472}"
EndProject
Global
	GlobalSection(SolutionConfigurationPlatforms) = preSolution
		Debug|Any CPU = Debug|Any CPU
		Release|Any CPU = Release|Any CPU
	EndGlobalSection
	GlobalSection(ProjectConfigurationPlatforms) = postSolution
		{FD7D1E62-AF3A-4020-B22B-2522671F3472}.Debug|Any CPU.ActiveCfg = Debug|Any CPU
		{FD7D1E62-AF3A-4020-B22B-2522671F3472}.Debug|Any CPU.Build.0 = Debug|Any CPU
		{FD7D1E62-AF3A-4020-B22B-2522671F3472}.Release|Any CPU.ActiveCfg = Release|Any CPU
		{FD7D1E62-AF3A-4020-B22B-2522671F3472}.Release|Any CPU.Build.0 = Release|Any CPU
	EndGlobalSection
	GlobalSection(SolutionProperties) = preSolution
		HideSolutionNode = FALSE
	EndGlobalSection
	GlobalSection(ExtensibilityGlobals) = postSolution
		SolutionGuid = {4F00E620-F1E7-4A1A-80F4-E2FCCD24CFF2}
	EndGlobalSection
EndGlobal
